{
  "name": "eslint-plugin-qunar",
  "version": "1.0.0",
  "lockfileVersion": 1,
  "requires": true,
  "dependencies": {
    "import-modules": {
      "version": "1.1.0",
      "resolved": "https://registry.npm.taobao.org/import-modules/download/import-modules-1.1.0.tgz",
      "integrity": "sha1-dI23nFzEK7lwHvq0JPiU5yYA6dw="
    },
    "lodash.camelcase": {
      "version": "4.3.0",
      "resolved": "http://registry.npm.taobao.org/lodash.camelcase/download/lodash.camelcase-4.3.0.tgz",
      "integrity": "sha1-soqmKIorn8ZRA1x3EfZathkDMaY="
    },
    "lodash.kebabcase": {
      "version": "4.1.1",
      "resolved": "https://registry.npm.taobao.org/lodash.kebabcase/download/lodash.kebabcase-4.1.1.tgz",
      "integrity": "sha1-hImxyw0p/4gZXM7KRI/21swpXDY="
    },
    "lodash.snakecase": {
      "version": "4.1.1",
      "resolved": "https://registry.npm.taobao.org/lodash.snakecase/download/lodash.snakecase-4.1.1.tgz",
      "integrity": "sha1-OdcUo1NXFHg3rv1ktdy7Fr7Nj40="
    },
    "lodash.upperfirst": {
      "version": "4.3.1",
      "resolved": "https://registry.npm.taobao.org/lodash.upperfirst/download/lodash.upperfirst-4.3.1.tgz",
      "integrity": "sha1-E2Xt9DFIBIHvDRxolXpe2Z1J984="
    }
  }
}
